{
  "version": 4,
  "terraform_version": "1.10.5",
  "serial": 62,
  "lineage": "74236067-6a14-8f20-f2ed-b7e956bcaa0c",
  "outputs": {
    "pet-name": {
      "value": "Mrs.horribly.vigorously.helpful.killdeer",
      "type": "string"
    }
  },
  "resources": [
    {
      "mode": "managed",
      "type": "local_file",
      "name": "localFile1",
      "provider": "provider[\"registry.terraform.io/hashicorp/local\"]",
      "instances": [
        {
          "schema_version": 0,
          "attributes": {
            "content": "Hello World Terraform !",
            "content_base64": null,
            "content_base64sha256": "ByN4kUCeJ1U3MDMGrI6zY7FQcieiCrnMK3c9lqKpYiI=",
            "content_base64sha512": "mWp+YdpqBX+C0VRxJGib0rkwNpwcGTaeYrdje5V2a8u6CvUikTduaF19US9Yfhi+HDVGEbmG+OcCbDnDKRo+eA==",
            "content_md5": "ea5fd490ebd5e5f2087fb96433be4c1b",
            "content_sha1": "3782ec4a4e1b2306f87a4ad50e798f99082103d7",
            "content_sha256": "07237891409e275537303306ac8eb363b1507227a20ab9cc2b773d96a2a96222",
            "content_sha512": "996a7e61da6a057f82d1547124689bd2b930369c1c19369e62b7637b95766bcbba0af52291376e685d7d512f587e18be1c354611b986f8e7026c39c3291a3e78",
            "directory_permission": "0777",
            "file_permission": "744",
            "filename": "/Users/manoj/Git/terraform-learning/resources/file1.txt",
            "id": "3782ec4a4e1b2306f87a4ad50e798f99082103d7",
            "sensitive_content": null,
            "source": null
          },
          "sensitive_attributes": [
            [
              {
                "type": "get_attr",
                "value": "sensitive_content"
              }
            ]
          ]
        }
      ]
    },
    {
      "mode": "managed",
      "type": "local_file",
      "name": "localFile2",
      "provider": "provider[\"registry.terraform.io/hashicorp/local\"]",
      "instances": [
        {
          "schema_version": 0,
          "attributes": {
            "content": "Two terraform resource in same tf file !",
            "content_base64": null,
            "content_base64sha256": "RXF/DoOHuBOgeP/XW6r3PyV68ZegZwgSszNLy+3EoLg=",
            "content_base64sha512": "JMXIGBfYRWiXDkS19TLWSilEWKV0J/XZcOQ0k5T1InJGOcmGHoaDCtBI6GgYIE/kgR4jx6vTBG1pNPtglfYY/Q==",
            "content_md5": "f9b0c3e14e35ee72114db625085a5a87",
            "content_sha1": "a3f509b288352ba19090e540e15a79c622efe3b0",
            "content_sha256": "45717f0e8387b813a078ffd75baaf73f257af197a0670812b3334bcbedc4a0b8",
            "content_sha512": "24c5c81817d84568970e44b5f532d64a294458a57427f5d970e4349394f522724639c9861e86830ad048e86818204fe4811e23c7abd3046d6934fb6095f618fd",
            "directory_permission": "0777",
            "file_permission": "0777",
            "filename": "/Users/manoj/Git/terraform-learning/resources/file2.txt",
            "id": "a3f509b288352ba19090e540e15a79c622efe3b0",
            "sensitive_content": null,
            "source": null
          },
          "sensitive_attributes": [
            [
              {
                "type": "get_attr",
                "value": "sensitive_content"
              }
            ]
          ]
        }
      ]
    },
    {
      "mode": "managed",
      "type": "local_file",
      "name": "localFile3",
      "provider": "provider[\"registry.terraform.io/hashicorp/local\"]",
      "instances": [
        {
          "schema_version": 0,
          "attributes": {
            "content": "Another terraform resource in another tf file !",
            "content_base64": null,
            "content_base64sha256": "PRH2NHc96bl5rC0zRbS97JANsJ0Wzo5YcvcZMIUaHvk=",
            "content_base64sha512": "1S35G9B1kyolIMMmCLskrhuB7RtppI7V9t3GBGfQuH/jP0EacVWcsAu3RBvp1gGqtUXSATG0VABDVrSeURzrjg==",
            "content_md5": "5290fe9cf95ff4616dadbed4692b2952",
            "content_sha1": "3f427884a41064a51bf6341dacf65a427b89670b",
            "content_sha256": "3d11f634773de9b979ac2d3345b4bdec900db09d16ce8e5872f71930851a1ef9",
            "content_sha512": "d52df91bd075932a2520c32608bb24ae1b81ed1b69a48ed5f6ddc60467d0b87fe33f411a71559cb00bb7441be9d601aab545d20131b454004356b49e511ceb8e",
            "directory_permission": "0777",
            "file_permission": "0777",
            "filename": "/Users/manoj/Git/terraform-learning/resources/another.txt",
            "id": "3f427884a41064a51bf6341dacf65a427b89670b",
            "sensitive_content": null,
            "source": null
          },
          "sensitive_attributes": [
            [
              {
                "type": "get_attr",
                "value": "sensitive_content"
              }
            ]
          ]
        }
      ]
    },
    {
      "mode": "managed",
      "type": "local_file",
      "name": "pet",
      "provider": "provider[\"registry.terraform.io/hashicorp/local\"]",
      "instances": [
        {
          "schema_version": 0,
          "attributes": {
            "content": "My favourite Pet is Mrs.horribly.vigorously.helpful.killdeer ",
            "content_base64": null,
            "content_base64sha256": "/5cjWhvYCfwZosUCO8jkm3oJeCVF4gOdtabRa+TZTOE=",
            "content_base64sha512": "OYWm696nA/QB0hNCdGrnfZRc6cvuDKWoJL8rOCAYm5tLB953QgrXIa2EjkzbelSFc7buJwUUK89zu5KR6E5V9Q==",
            "content_md5": "4dd7c55ee3fc235806138dbb7e348937",
            "content_sha1": "a8112eb99b70bed74d3f2673948e93c2e24e3792",
            "content_sha256": "ff97235a1bd809fc19a2c5023bc8e49b7a09782545e2039db5a6d16be4d94ce1",
            "content_sha512": "3985a6ebdea703f401d21342746ae77d945ce9cbee0ca5a824bf2b3820189b9b4b07de77420ad721ad848e4cdb7a548573b6ee2705142bcf73bb9291e84e55f5",
            "directory_permission": "0777",
            "file_permission": "0777",
            "filename": "/Users/manoj/Git/terraform-learning/resources/pets.txt",
            "id": "a8112eb99b70bed74d3f2673948e93c2e24e3792",
            "sensitive_content": null,
            "source": null
          },
          "sensitive_attributes": [
            [
              {
                "type": "get_attr",
                "value": "sensitive_content"
              }
            ]
          ],
          "dependencies": [
            "random_pet.pet-name"
          ]
        }
      ]
    },
    {
      "mode": "managed",
      "type": "random_pet",
      "name": "pet-name",
      "provider": "provider[\"registry.terraform.io/hashicorp/random\"]",
      "instances": [
        {
          "schema_version": 0,
          "attributes": {
            "id": "Mrs.horribly.vigorously.helpful.killdeer",
            "keepers": null,
            "length": 4,
            "prefix": "Mrs",
            "separator": "."
          },
          "sensitive_attributes": []
        }
      ]
    }
  ],
  "check_results": null
}
